// !$*UTF8*$!
{
	archiveVersion = 1;
	classes = {
	};
	objectVersion = 48;
	objects = {

/* Begin PBXBuildFile section */
		DDDDD787207180E500AB834C /* AppDelegate.swift in Sources */ = {isa = PBXBuildFile; fileRef = DDDDD786207180E500AB834C /* AppDelegate.swift */; };
		DDDDD789207180E500AB834C /* ViewController.swift in Sources */ = {isa = PBXBuildFile; fileRef = DDDDD788207180E500AB834C /* ViewController.swift */; };
		DDDDD78C207180E500AB834C /* Main.storyboard in Resources */ = {isa = PBXBuildFile; fileRef = DDDDD78A207180E500AB834C /* Main.storyboard */; };
		DDDDD78E207180E500AB834C /* Assets.xcassets in Resources */ = {isa = PBXBuildFile; fileRef = DDDDD78D207180E500AB834C /* Assets.xcassets */; };
		DDDDD791207180E500AB834C /* LaunchScreen.storyboard in Resources */ = {isa = PBXBuildFile; fileRef = DDDDD78F207180E500AB834C /* LaunchScreen.storyboard */; };
		DDDDD79920718DD500AB834C /* mole.png in Resources */ = {isa = PBXBuildFile; fileRef = DDDDD79820718DD500AB834C /* mole.png */; };
		DDDDD79B2071941E00AB834C /* moleInGame.png in Resources */ = {isa = PBXBuildFile; fileRef = DDDDD79A2071941E00AB834C /* moleInGame.png */; };
		DDDDD79D20719F5300AB834C /* menu.png in Resources */ = {isa = PBXBuildFile; fileRef = DDDDD79C20719F5300AB834C /* menu.png */; };
		DDDDD79F20719FCB00AB834C /* GameViewController.swift in Sources */ = {isa = PBXBuildFile; fileRef = DDDDD79E20719FCB00AB834C /* GameViewController.swift */; };
/* End PBXBuildFile section */

/* Begin PBXFileReference section */
		DDDDD783207180E500AB834C /* HitTheMole.app */ = {isa = PBXFileReference; explicitFileType = wrapper.application; includeInIndex = 0; path = HitTheMole.app; sourceTree = BUILT_PRODUCTS_DIR; };
		DDDDD786207180E500AB834C /* AppDelegate.swift */ = {isa = PBXFileReference; lastKnownFileType = sourcecode.swift; path = AppDelegate.swift; sourceTree = "<group>"; };
		DDDDD788207180E500AB834C /* ViewController.swift */ = {isa = PBXFileReference; lastKnownFileType = sourcecode.swift; path = ViewController.swift; sourceTree = "<group>"; };
		DDDDD78B207180E500AB834C /* Base */ = {isa = PBXFileReference; lastKnownFileType = file.storyboard; name = Base; path = Base.lproj/Main.storyboard; sourceTree = "<group>"; };
		DDDDD78D207180E500AB834C /* Assets.xcassets */ = {isa = PBXFileReference; lastKnownFileType = folder.assetcatalog; path = Assets.xcassets; sourceTree = "<group>"; };
		DDDDD790207180E500AB834C /* Base */ = {isa = PBXFileReference; lastKnownFileType = file.storyboard; name = Base; path = Base.lproj/LaunchScreen.storyboard; sourceTree = "<group>"; };
		DDDDD792207180E500AB834C /* Info.plist */ = {isa = PBXFileReference; lastKnownFileType = text.plist.xml; path = Info.plist; sourceTree = "<group>"; };
		DDDDD79820718DD500AB834C /* mole.png */ = {isa = PBXFileReference; lastKnownFileType = image.png; path = mole.png; sourceTree = "<group>"; };
		DDDDD79A2071941E00AB834C /* moleInGame.png */ = {isa = PBXFileReference; lastKnownFileType = image.png; path = moleInGame.png; sourceTree = "<group>"; };
		DDDDD79C20719F5300AB834C /* menu.png */ = {isa = PBXFileReference; lastKnownFileType = image.png; path = menu.png; sourceTree = "<group>"; };
		DDDDD79E20719FCB00AB834C /* GameViewController.swift */ = {isa = PBXFileReference; lastKnownFileType = sourcecode.swift; path = GameViewController.swift; sourceTree = "<group>"; };
/* End PBXFileReference section */

/* Begin PBXFrameworksBuildPhase section */
		DDDDD780207180E500AB834C /* Frameworks */ = {
			isa = PBXFrameworksBuildPhase;
			buildActionMask = 2147483647;
			files = (
			);
			runOnlyForDeploymentPostprocessing = 0;
		};
/* End PBXFrameworksBuildPhase section */

/* Begin PBXGroup section */
		DDDDD77A207180E500AB834C = {
			isa = PBXGroup;
			children = (
				DDDDD785207180E500AB834C /* HitTheMole */,
				DDDDD784207180E500AB834C /* Products */,
			);
			sourceTree = "<group>";
		};
		DDDDD784207180E500AB834C /* Products */ = {
			isa = PBXGroup;
			children = (
				DDDDD783207180E500AB834C /* HitTheMole.app */,
			);
			name = Products;
			sourceTree = "<group>";
		};
		DDDDD785207180E500AB834C /* HitTheMole */ = {
			isa = PBXGroup;
			children = (
				DDDDD79820718DD500AB834C /* mole.png */,
				DDDDD79C20719F5300AB834C /* menu.png */,
				DDDDD79A2071941E00AB834C /* moleInGame.png */,
				DDDDD786207180E500AB834C /* AppDelegate.swift */,
				DDDDD788207180E500AB834C /* ViewController.swift */,
				DDDDD78A207180E500AB834C /* Main.storyboard */,
				DDDDD78D207180E500AB834C /* Assets.xcassets */,
				DDDDD78F207180E500AB834C /* LaunchScreen.storyboard */,
				DDDDD792207180E500AB834C /* Info.plist */,
				DDDDD79E20719FCB00AB834C /* GameViewController.swift */,
			);
			path = HitTheMole;
			sourceTree = "<group>";
		};
/* End PBXGroup section */

/* Begin PBXNativeTarget section */
		DDDDD782207180E500AB834C /* HitTheMole */ = {
			isa = PBXNativeTarget;
			buildConfigurationList = DDDDD795207180E500AB834C /* Build configuration list for PBXNativeTarget "HitTheMole" */;
			buildPhases = (
				DDDDD77F207180E500AB834C /* Sources */,
				DDDDD780207180E500AB834C /* Frameworks */,
				DDDDD781207180E500AB834C /* Resources */,
			);
			buildRules = (
			);
			dependencies = (
			);
			name = HitTheMole;
			productName = HitTheMole;
			productReference = DDDDD783207180E500AB834C /* HitTheMole.app */;
			productType = "com.apple.product-type.application";
		};
/* End PBXNativeTarget section */

/* Begin PBXProject section */
		DDDDD77B207180E500AB834C /* Project object */ = {
			isa = PBXProject;
			attributes = {
				LastSwiftUpdateCheck = 0920;
				LastUpgradeCheck = 0920;
				ORGANIZATIONNAME = "Ali Yasin Eser";
				TargetAttributes = {
					DDDDD782207180E500AB834C = {
						CreatedOnToolsVersion = 9.2;
						ProvisioningStyle = Automatic;
					};
				};
			};
			buildConfigurationList = DDDDD77E207180E500AB834C /* Build configuration list for PBXProject "HitTheMole" */;
			compatibilityVersion = "Xcode 8.0";
			developmentRegion = en;
			hasScannedForEncodings = 0;
			knownRegions = (
				en,
				Base,
			);
			mainGroup = DDDDD77A207180E500AB834C;
			productRefGroup = DDDDD784207180E500AB834C /* Products */;
			projectDirPath = "";
			projectRoot = "";
			targets = (
				DDDDD782207180E500AB834C /* HitTheMole */,
			);
		};
/* End PBXProject section */

/* Begin PBXResourcesBuildPhase section */
		DDDDD781207180E500AB834C /* Resources */ = {
			isa = PBXResourcesBuildPhase;
			buildActionMask = 2147483647;
			files = (
				DDDDD79920718DD500AB834C /* mole.png in Resources */,
				DDDDD79B2071941E00AB834C /* moleInGame.png in Resources */,
				DDDDD79D20719F5300AB834C /* menu.png in Resources */,
				DDDDD791207180E500AB834C /* LaunchScreen.storyboard in Resources */,
				DDDDD78E207180E500AB834C /* Assets.xcassets in Resources */,
				DDDDD78C207180E500AB834C /* Main.storyboard in Resources */,
			);
			runOnlyForDeploymentPostprocessing = 0;
		};
/* End PBXResourcesBuildPhase section */

/* Begin PBXSourcesBuildPhase section */
		DDDDD77F207180E500AB834C /* Sources */ = {
			isa = PBXSourcesBuildPhase;
			buildActionMask = 2147483647;
			files = (
				DDDDD789207180E500AB834C /* ViewController.swift in Sources */,
				DDDDD79F20719FCB00AB834C /* GameViewController.swift in Sources */,
				DDDDD787207180E500AB834C /* AppDelegate.swift in Sources */,
			);
			runOnlyForDeploymentPostprocessing = 0;
		};
/* End PBXSourcesBuildPhase section */

/* Begin PBXVariantGroup section */
		DDDDD78A207180E500AB834C /* Main.storyboard */ = {
			isa = PBXVariantGroup;
			children = (
				DDDDD78B207180E500AB834C /* Base */,
			);
			name = Main.storyboard;
			sourceTree = "<group>";
		};
		DDDDD78F207180E500AB834C /* LaunchScreen.storyboard */ = {
			isa = PBXVariantGroup;
			children = (
				DDDDD790207180E500AB834C /* Base */,
			);
			name = LaunchScreen.storyboard;
			sourceTree = "<group>";
		};
/* End PBXVariantGroup section */

/* Begin XCBuildConfiguration section */
		DDDDD793207180E500AB834C /* Debug */ = {
			isa = XCBuildConfiguration;
			buildSettings = {
				ALWAYS_SEARCH_USER_PATHS = NO;
				CLANG_ANALYZER_NONNULL = YES;
				CLANG_ANALYZER_NUMBER_OBJECT_CONVERSION = YES_AGGRESSIVE;
				CLANG_CXX_LANGUAGE_STANDARD = "gnu++14";
				CLANG_CXX_LIBRARY = "libc++";
				CLANG_ENABLE_MODULES = YES;
				CLANG_ENABLE_OBJC_ARC = YES;
				CLANG_WARN_BLOCK_CAPTURE_AUTORELEASING = YES;
				CLANG_WARN_BOOL_CONVERSION = YES;
				CLANG_WARN_COMMA = YES;
				CLANG_WARN_CONSTANT_CONVERSION = YES;
				CLANG_WARN_DIRECT_OBJC_ISA_USAGE = YES_ERROR;
				CLANG_WARN_DOCUMENTATION_COMMENTS = YES;
				CLANG_WARN_EMPTY_BODY = YES;
				CLANG_WARN_ENUM_CONVERSION = YES;
				CLANG_WARN_INFINITE_RECURSION = YES;
				CLANG_WARN_INT_CONVERSION = YES;
				CLANG_WARN_NON_LITERAL_NULL_CONVERSION = YES;
				CLANG_WARN_OBJC_LITERAL_CONVERSION = YES;
				CLANG_WARN_OBJC_ROOT_CLASS = YES_ERROR;
				CLANG_WARN_RANGE_LOOP_ANALYSIS = YES;
				CLANG_WARN_STRICT_PROTOTYPES = YES;
				CLANG_WARN_SUSPICIOUS_MOVE = YES;
				CLANG_WARN_UNGUARDED_AVAILABILITY = YES_AGGRESSIVE;
				CLANG_WARN_UNREACHABLE_CODE = YES;
				CLANG_WARN__DUPLICATE_METHOD_MATCH = YES;
				CODE_SIGN_IDENTITY = "iPhone Developer";
				COPY_PHASE_STRIP = NO;
				DEBUG_INFORMATION_FORMAT = dwarf;
				ENABLE_STRICT_OBJC_MSGSEND = YES;
				ENABLE_TESTABILITY = YES;
				GCC_C_LANGUAGE_STANDARD = gnu11;
				GCC_DYNAMIC_NO_PIC = NO;
				GCC_NO_COMMON_BLOCKS = YES;
				GCC_OPTIMIZATION_LEVEL = 0;
				GCC_PREPROCESSOR_DEFINITIONS = (
					"DEBUG=1",
					"$(inherited)",
				);
				GCC_WARN_64_TO_32_BIT_CONVERSION = YES;
				GCC_WARN_ABOUT_RETURN_TYPE = YES_ERROR;
				GCC_WARN_UNDECLARED_SELECTOR = YES;
				GCC_WARN_UNINITIALIZED_AUTOS = YES_AGGRESSIVE;
				GCC_WARN_UNUSED_FUNCTION = YES;
				GCC_WARN_UNUSED_VARIABLE = YES;
				IPHONEOS_DEPLOYMENT_TARGET = 11.2;
				MTL_ENABLE_DEBUG_INFO = YES;
				ONLY_ACTIVE_ARCH = YES;
				SDKROOT = iphoneos;
				SWIFT_ACTIVE_COMPILATION_CONDITIONS = DEBUG;
				SWIFT_OPTIMIZATION_LEVEL = "-Onone";
			};
			name = Debug;
		};
		DDDDD794207180E500AB834C /* Release */ = {
			isa = XCBuildConfiguration;
			buildSettings = {
				ALWAYS_SEARCH_USER_PATHS = NO;
				CLANG_ANALYZER_NONNULL = YES;
				CLANG_ANALYZER_NUMBER_OBJECT_CONVERSION = YES_AGGRESSIVE;
				CLANG_CXX_LANGUAGE_STANDARD = "gnu++14";
				CLANG_CXX_LIBRARY = "libc++";
				CLANG_ENABLE_MODULES = YES;
				CLANG_ENABLE_OBJC_ARC = YES;
				CLANG_WARN_BLOCK_CAPTURE_AUTORELEASING = YES;
				CLANG_WARN_BOOL_CONVERSION = YES;
				CLANG_WARN_COMMA = YES;
				CLANG_WARN_CONSTANT_CONVERSION = YES;
				CLANG_WARN_DIRECT_OBJC_ISA_USAGE = YES_ERROR;
				CLANG_WARN_DOCUMENTATION_COMMENTS = YES;
				CLANG_WARN_EMPTY_BODY = YES;
				CLANG_WARN_ENUM_CONVERSION = YES;
				CLANG_WARN_INFINITE_RECURSION = YES;
				CLANG_WARN_INT_CONVERSION = YES;
				CLANG_WARN_NON_LITERAL_NULL_CONVERSION = YES;
				CLANG_WARN_OBJC_LITERAL_CONVERSION = YES;
				CLANG_WARN_OBJC_ROOT_CLASS = YES_ERROR;
				CLANG_WARN_RANGE_LOOP_ANALYSIS = YES;
				CLANG_WARN_STRICT_PROTOTYPES = YES;
				CLANG_WARN_SUSPICIOUS_MOVE = YES;
				CLANG_WARN_UNGUARDED_AVAILABILITY = YES_AGGRESSIVE;
				CLANG_WARN_UNREACHABLE_CODE = YES;
				CLANG_WARN__DUPLICATE_METHOD_MATCH = YES;
				CODE_SIGN_IDENTITY = "iPhone Developer";
				COPY_PHASE_STRIP = NO;
				DEBUG_INFORMATION_FORMAT = "dwarf-with-dsym";
				ENABLE_NS_ASSERTIONS = NO;
				ENABLE_STRICT_OBJC_MSGSEND = YES;
				GCC_C_LANGUAGE_STANDARD = gnu11;
				GCC_NO_COMMON_BLOCKS = YES;
				GCC_WARN_64_TO_32_BIT_CONVERSION = YES;
				GCC_WARN_ABOUT_RETURN_TYPE = YES_ERROR;
				GCC_WARN_UNDECLARED_SELECTOR = YES;
				GCC_WARN_UNINITIALIZED_AUTOS = YES_AGGRESSIVE;
				GCC_WARN_UNUSED_FUNCTION = YES;
				GCC_WARN_UNUSED_VARIABLE = YES;
				IPHONEOS_DEPLOYMENT_TARGET = 11.2;
				MTL_ENABLE_DEBUG_INFO = NO;
				SDKROOT = iphoneos;
				SWIFT_OPTIMIZATION_LEVEL = "-Owholemodule";
				VALIDATE_PRODUCT = YES;
			};
			name = Release;
		};
		DDDDD796207180E500AB834C /* Debug */ = {
			isa = XCBuildConfiguration;
			buildSettings = {
				ASSETCATALOG_COMPILER_APPICON_NAME = AppIcon;
				CODE_SIGN_STYLE = Automatic;
				INFOPLIST_FILE = HitTheMole/Info.plist;
				LD_RUNPATH_SEARCH_PATHS = "$(inherited) @executable_path/Frameworks";
				PRODUCT_BUNDLE_IDENTIFIER = com.aliyasineser.HitTheMole;
				PRODUCT_NAME = "$(TARGET_NAME)";
				SWIFT_VERSION = 4.0;
				TARGETED_DEVICE_FAMILY = "1,2";
			};
			name = Debug;
		};
		DDDDD797207180E500AB834C /* Release */ = {
			isa = XCBuildConfiguration;
			buildSettings = {
				ASSETCATALOG_COMPILER_APPICON_NAME = AppIcon;
				CODE_SIGN_STYLE = Automatic;
				INFOPLIST_FILE = HitTheMole/Info.plist;
				LD_RUNPATH_SEARCH_PATHS = "$(inherited) @executable_path/Frameworks";
				PRODUCT_BUNDLE_IDENTIFIER = com.aliyasineser.HitTheMole;
				PRODUCT_NAME = "$(TARGET_NAME)";
				SWIFT_VERSION = 4.0;
				TARGETED_DEVICE_FAMILY = "1,2";
			};
			name = Release;
		};
/* End XCBuildConfiguration section */

/* Begin XCConfigurationList section */
		DDDDD77E207180E500AB834C /* Build configuration list for PBXProject "HitTheMole" */ = {
			isa = XCConfigurationList;
			buildConfigurations = (
				DDDDD793207180E500AB834C /* Debug */,
				DDDDD794207180E500AB834C /* Release */,
			);
			defaultConfigurationIsVisible = 0;
			defaultConfigurationName = Release;
		};
		DDDDD795207180E500AB834C /* Build configuration list for PBXNativeTarget "HitTheMole" */ = {
			isa = XCConfigurationList;
			buildConfigurations = (
				DDDDD796207180E500AB834C /* Debug */,
				DDDDD797207180E500AB834C /* Release */,
			);
			defaultConfigurationIsVisible = 0;
			defaultConfigurationName = Release;
		};
/* End XCConfigurationList section */
	};
	rootObject = DDDDD77B207180E500AB834C /* Project object */;
}
